
Microsoft Visual Studio Solution File, Format Version 12.00
# Visual Studio 2013
VisualStudioVersion = 12.0.21005.1
MinimumVisualStudioVersion = 10.0.40219.1
Project("{FAE04EC0-301F-11D3-BF4B-00C04F79EFBC}") = "GaragisteProjet", "WebApplication1\GaragisteProjet.csproj", "{C8CAA949-4C8D-4659-868B-59DCA8323C93}"
EndProject
Project("{FAE04EC0-301F-11D3-BF4B-00C04F79EFBC}") = "DAL_GaragisteProjet", "DAL_GaragisteProjet\DAL_GaragisteProjet.csproj", "{35597E15-2374-4527-B3A7-3AF3847B1D41}"
EndProject
Global
	GlobalSection(SolutionConfigurationPlatforms) = preSolution
		Debug|Any CPU = Debug|Any CPU
		Release|Any CPU = Release|Any CPU
	EndGlobalSection
	GlobalSection(ProjectConfigurationPlatforms) = postSolution
		{C8CAA949-4C8D-4659-868B-59DCA8323C93}.Debug|Any CPU.ActiveCfg = Debug|Any CPU
		{C8CAA949-4C8D-4659-868B-59DCA8323C93}.Debug|Any CPU.Build.0 = Debug|Any CPU
		{C8CAA949-4C8D-4659-868B-59DCA8323C93}.Release|Any CPU.ActiveCfg = Release|Any CPU
		{C8CAA949-4C8D-4659-868B-59DCA8323C93}.Release|Any CPU.Build.0 = Release|Any CPU
		{35597E15-2374-4527-B3A7-3AF3847B1D41}.Debug|Any CPU.ActiveCfg = Debug|Any CPU
		{35597E15-2374-4527-B3A7-3AF3847B1D41}.Debug|Any CPU.Build.0 = Debug|Any CPU
		{35597E15-2374-4527-B3A7-3AF3847B1D41}.Release|Any CPU.ActiveCfg = Release|Any CPU
		{35597E15-2374-4527-B3A7-3AF3847B1D41}.Release|Any CPU.Build.0 = Release|Any CPU
	EndGlobalSection
	GlobalSection(SolutionProperties) = preSolution
		HideSolutionNode = FALSE
	EndGlobalSection
EndGlobal
